<?xml version="1.0" encoding="utf-8"?>
<Project ToolsVersion="4.0" xmlns="http://schemas.microsoft.com/developer/msbuild/2003">
  <ItemGroup>
    <Filter Include="Engine">
      <UniqueIdentifier>{f9a9780f-cc91-4f43-81f2-a71f14f8528a}</UniqueIdentifier>
    </Filter>
    <Filter Include="Engine\Panels">
      <UniqueIdentifier>{b5c47290-8c22-4e89-a1b4-ea8de3dbc860}</UniqueIdentifier>
    </Filter>
    <Filter Include="External Libraries">
      <UniqueIdentifier>{98d60df6-5d73-49d8-a80a-139e110d22f8}</UniqueIdentifier>
    </Filter>
    <Filter Include="External Libraries\Stb">
      <UniqueIdentifier>{0ac2ff0f-5f18-480a-8bd6-6aa7428166bb}</UniqueIdentifier>
    </Filter>
    <Filter Include="External Libraries\ImGui">
      <UniqueIdentifier>{8b6860e2-41a5-4e53-a253-6fa785cb8bfe}</UniqueIdentifier>
    </Filter>
    <Filter Include="External Libraries\Glad">
      <UniqueIdentifier>{db9fd684-3058-4040-9399-cae66729442b}</UniqueIdentifier>
    </Filter>
    <Filter Include="Engine\Shaders">
      <UniqueIdentifier>{410f82bd-d92b-48f6-8515-3eb1c1af5b9d}</UniqueIdentifier>
    </Filter>
    <Filter Include="Engine\Utils">
      <UniqueIdentifier>{ad6d2616-c31e-4f55-a0a8-2e13dd149b3a}</UniqueIdentifier>
    </Filter>
  </ItemGroup>
  <ItemGroup>
    <ClCompile Include="ThirdParty\imgui-docking\imgui.cpp">
      <Filter>External Libraries\ImGui</Filter>
    </ClCompile>
    <ClCompile Include="ThirdParty\imgui-docking\imgui_demo.cpp">
      <Filter>External Libraries\ImGui</Filter>
    </ClCompile>
    <ClCompile Include="ThirdParty\imgui-docking\imgui_draw.cpp">
      <Filter>External Libraries\ImGui</Filter>
    </ClCompile>
    <ClCompile Include="ThirdParty\imgui-docking\imgui_impl_glfw.cpp">
      <Filter>External Libraries\ImGui</Filter>
    </ClCompile>
    <ClCompile Include="ThirdParty\imgui-docking\imgui_impl_opengl3.cpp">
      <Filter>External Libraries\ImGui</Filter>
    </ClCompile>
    <ClCompile Include="ThirdParty\imgui-docking\imgui_tables.cpp">
      <Filter>External Libraries\ImGui</Filter>
    </ClCompile>
    <ClCompile Include="ThirdParty\imgui-docking\imgui_widgets.cpp">
      <Filter>External Libraries\ImGui</Filter>
    </ClCompile>
    <ClCompile Include="ThirdParty\glad\include\glad\glad.c">
      <Filter>External Libraries\Glad</Filter>
    </ClCompile>
    <ClCompile Include="Source\engine.cpp">
      <Filter>Engine</Filter>
    </ClCompile>
    <ClCompile Include="Source\platform.cpp">
      <Filter>Engine</Filter>
    </ClCompile>
    <ClCompile Include="ThirdParty\stb\stb.cpp">
      <Filter>External Libraries\Stb</Filter>
    </ClCompile>
    <ClCompile Include="Source\Panels\PanelInfo.cpp">
      <Filter>Engine\Panels</Filter>
    </ClCompile>
    <ClCompile Include="Source\Utils\pch.cpp">
      <Filter>Engine\Utils</Filter>
    </ClCompile>
    <ClCompile Include="Source\Utils\Log.cpp">
      <Filter>Engine\Utils</Filter>
    </ClCompile>
  </ItemGroup>
  <ItemGroup>
    <ClInclude Include="ThirdParty\imgui-docking\imconfig.h">
      <Filter>External Libraries\ImGui</Filter>
    </ClInclude>
    <ClInclude Include="ThirdParty\imgui-docking\imgui.h">
      <Filter>External Libraries\ImGui</Filter>
    </ClInclude>
    <ClInclude Include="ThirdParty\imgui-docking\imgui_impl_glfw.h">
      <Filter>External Libraries\ImGui</Filter>
    </ClInclude>
    <ClInclude Include="ThirdParty\imgui-docking\imgui_impl_opengl3.h">
      <Filter>External Libraries\ImGui</Filter>
    </ClInclude>
    <ClInclude Include="ThirdParty\imgui-docking\imgui_internal.h">
      <Filter>External Libraries\ImGui</Filter>
    </ClInclude>
    <ClInclude Include="ThirdParty\imgui-docking\imstb_rectpack.h">
      <Filter>External Libraries\ImGui</Filter>
    </ClInclude>
    <ClInclude Include="ThirdParty\imgui-docking\imstb_textedit.h">
      <Filter>External Libraries\ImGui</Filter>
    </ClInclude>
    <ClInclude Include="ThirdParty\imgui-docking\imstb_truetype.h">
      <Filter>External Libraries\ImGui</Filter>
    </ClInclude>
    <ClInclude Include="Source\engine.h">
      <Filter>Engine</Filter>
    </ClInclude>
    <ClInclude Include="ThirdParty\glad\include\glad\glad.h">
      <Filter>External Libraries\Glad</Filter>
    </ClInclude>
    <ClInclude Include="ThirdParty\glad\include\glad\khrplatform.h">
      <Filter>External Libraries\Glad</Filter>
    </ClInclude>
    <ClInclude Include="Source\platform.h">
      <Filter>Engine</Filter>
    </ClInclude>
    <ClInclude Include="ThirdParty\stb\stb_image.h">
      <Filter>External Libraries\Stb</Filter>
    </ClInclude>
    <ClInclude Include="Source\Panels\Panel.h">
      <Filter>Engine\Panels</Filter>
    </ClInclude>
    <ClInclude Include="Source\Panels\PanelInfo.h">
      <Filter>Engine\Panels</Filter>
    </ClInclude>
    <ClInclude Include="Source\Utils\pch.h">
      <Filter>Engine\Utils</Filter>
    </ClInclude>
    <ClInclude Include="Source\Utils\Log.h">
      <Filter>Engine\Utils</Filter>
    </ClInclude>
  </ItemGroup>
  <ItemGroup>
    <None Include="WorkingDir\shaders.glsl">
      <Filter>Engine\Shaders</Filter>
    </None>
  </ItemGroup>
</Project>